id: msz_rsp1a

label: SDR Play rsp1a

category: '[Msz]'

templates:
  imports: import msz
  make: msz.rsp1a(${frequency}, ${sample_rate}, ${gain}, ${bw})
  callbacks:
  - set_frequency(${frequency})
  - set_sample_rate(${sample_rate})
  - set_gain(${gain})
  - set_bw(${bw})

cpp_templates:
  callbacks:
  - set_frequency(${frequency})
  - set_sample_rate(${sample_rate})
  - set_gain(${gain})
  - set_bw(${bw})

parameters:
- id: frequency
  label: Frequency
  dtype: float
- id: sample_rate
  label: Sample Rate
  dtype: raw
- id: gain
  label: Gain
  dtype: int
- id: bw
  label: Bandwidth
  dtype: int
  default: 2000

asserts:
- ${gain > 0}

outputs:
- label: out
  domain: stream
  dtype: complex

file_format: 1
